# This file is automatically @generated by Poetry 2.1.2 and should not be changed by hand.

[[package]]
name = "anyio"
version = "4.9.0"
description = "High level compatibility layer for multiple asynchronous event loop implementations"
optional = false
python-versions = ">=3.9"
groups = ["main"]
files = [
    {file = "anyio-4.9.0-py3-none-any.whl", hash = "sha256:9f76d541cad6e36af7beb62e978876f3b41e3e04f2c1fbf0884604c0a9c4d93c"},
    {file = "anyio-4.9.0.tar.gz", hash = "sha256:673c0c244e15788651a4ff38710fea9675823028a6f08a5eda409e0c9840a028"},
]

[package.dependencies]
idna = ">=2.8"
sniffio = ">=1.1"
typing_extensions = {version = ">=4.5", markers = "python_version < \"3.13\""}

[package.extras]
doc = ["Sphinx (>=8.2,<9.0)", "packaging", "sphinx-autodoc-typehints (>=1.2.0)", "sphinx_rtd_theme"]
test = ["anyio[trio]", "blockbuster (>=1.5.23)", "coverage[toml] (>=7)", "exceptiongroup (>=1.2.0)", "hypothesis (>=4.0)", "psutil (>=5.9)", "pytest (>=7.0)", "trustme", "truststore (>=0.9.1) ; python_version >= \"3.10\"", "uvloop (>=0.21) ; platform_python_implementation == \"CPython\" and platform_system != \"Windows\" and python_version < \"3.14\""]
trio = ["trio (>=0.26.1)"]

[[package]]
name = "certifi"
version = "2025.4.26"
description = "Python package for providing Mozilla's CA Bundle."
optional = false
python-versions = ">=3.6"
groups = ["main"]
files = [
    {file = "certifi-2025.4.26-py3-none-any.whl", hash = "sha256:30350364dfe371162649852c63336a15c70c6510c2ad5015b21c2345311805f3"},
    {file = "certifi-2025.4.26.tar.gz", hash = "sha256:0a816057ea3cdefcef70270d2c515e4506bbc954f417fa5ade2021213bb8f0c6"},
]

[[package]]
name = "click"
version = "8.2.0"
description = "Composable command line interface toolkit"
optional = false
python-versions = ">=3.10"
groups = ["main"]
files = [
    {file = "click-8.2.0-py3-none-any.whl", hash = "sha256:6b303f0b2aa85f1cb4e5303078fadcbcd4e476f114fab9b5007005711839325c"},
    {file = "click-8.2.0.tar.gz", hash = "sha256:f5452aeddd9988eefa20f90f05ab66f17fce1ee2a36907fd30b05bbb5953814d"},
]

[package.dependencies]
colorama = {version = "*", markers = "platform_system == \"Windows\""}

[[package]]
name = "colorama"
version = "0.4.6"
description = "Cross-platform colored terminal text."
optional = false
python-versions = "!=3.0.*,!=3.1.*,!=3.2.*,!=3.3.*,!=3.4.*,!=3.5.*,!=3.6.*,>=2.7"
groups = ["main"]
markers = "platform_system == \"Windows\""
files = [
    {file = "colorama-0.4.6-py2.py3-none-any.whl", hash = "sha256:4f1d9991f5acc0ca119f9d443620b77f9d6b33703e51011c16baf57afb285fc6"},
    {file = "colorama-0.4.6.tar.gz", hash = "sha256:08695f5cb7ed6e0531a20572697297273c47b8cae5a63ffc6d6ed5c201be6e44"},
]

[[package]]
name = "fastapi"
version = "0.95.2"
description = "FastAPI framework, high performance, easy to learn, fast to code, ready for production"
optional = false
python-versions = ">=3.7"
groups = ["main"]
files = [
    {file = "fastapi-0.95.2-py3-none-any.whl", hash = "sha256:d374dbc4ef2ad9b803899bd3360d34c534adc574546e25314ab72c0c4411749f"},
    {file = "fastapi-0.95.2.tar.gz", hash = "sha256:4d9d3e8c71c73f11874bcf5e33626258d143252e329a01002f767306c64fb982"},
]

[package.dependencies]
pydantic = ">=1.6.2,<1.7 || >1.7,<1.7.1 || >1.7.1,<1.7.2 || >1.7.2,<1.7.3 || >1.7.3,<1.8 || >1.8,<1.8.1 || >1.8.1,<2.0.0"
starlette = ">=0.27.0,<0.28.0"

[package.extras]
all = ["email-validator (>=1.1.1)", "httpx (>=0.23.0)", "itsdangerous (>=1.1.0)", "jinja2 (>=2.11.2)", "orjson (>=3.2.1)", "python-multipart (>=0.0.5)", "pyyaml (>=5.3.1)", "ujson (>=4.0.1,!=4.0.2,!=4.1.0,!=4.2.0,!=4.3.0,!=5.0.0,!=5.1.0)", "uvicorn[standard] (>=0.12.0)"]
dev = ["pre-commit (>=2.17.0,<3.0.0)", "ruff (==0.0.138)", "uvicorn[standard] (>=0.12.0,<0.21.0)"]
doc = ["mdx-include (>=1.4.1,<2.0.0)", "mkdocs (>=1.1.2,<2.0.0)", "mkdocs-markdownextradata-plugin (>=0.1.7,<0.3.0)", "mkdocs-material (>=8.1.4,<9.0.0)", "pyyaml (>=5.3.1,<7.0.0)", "typer-cli (>=0.0.13,<0.0.14)", "typer[all] (>=0.6.1,<0.8.0)"]
test = ["anyio[trio] (>=3.2.1,<4.0.0)", "black (==23.1.0)", "coverage[toml] (>=6.5.0,<8.0)", "databases[sqlite] (>=0.3.2,<0.7.0)", "email-validator (>=1.1.1,<2.0.0)", "flask (>=1.1.2,<3.0.0)", "httpx (>=0.23.0,<0.24.0)", "isort (>=5.0.6,<6.0.0)", "mypy (==0.982)", "orjson (>=3.2.1,<4.0.0)", "passlib[bcrypt] (>=1.7.2,<2.0.0)", "peewee (>=3.13.3,<4.0.0)", "pytest (>=7.1.3,<8.0.0)", "python-jose[cryptography] (>=3.3.0,<4.0.0)", "python-multipart (>=0.0.5,<0.0.7)", "pyyaml (>=5.3.1,<7.0.0)", "ruff (==0.0.138)", "sqlalchemy (>=1.3.18,<1.4.43)", "types-orjson (==3.6.2)", "types-ujson (==5.7.0.1)", "ujson (>=4.0.1,!=4.0.2,!=4.1.0,!=4.2.0,!=4.3.0,!=5.0.0,!=5.1.0,<6.0.0)"]

[[package]]
name = "greenlet"
version = "3.2.2"
description = "Lightweight in-process concurrent programming"
optional = false
python-versions = ">=3.9"
groups = ["main"]
markers = "platform_machine == \"aarch64\" or platform_machine == \"ppc64le\" or platform_machine == \"x86_64\" or platform_machine == \"amd64\" or platform_machine == \"AMD64\" or platform_machine == \"win32\" or platform_machine == \"WIN32\""
files = [
    {file = "greenlet-3.2.2-cp310-cp310-macosx_11_0_universal2.whl", hash = "sha256:c49e9f7c6f625507ed83a7485366b46cbe325717c60837f7244fc99ba16ba9d6"},
    {file = "greenlet-3.2.2-cp310-cp310-manylinux_2_17_aarch64.manylinux2014_aarch64.whl", hash = "sha256:c3cc1a3ed00ecfea8932477f729a9f616ad7347a5e55d50929efa50a86cb7be7"},
    {file = "greenlet-3.2.2-cp310-cp310-manylinux_2_17_ppc64le.manylinux2014_ppc64le.whl", hash = "sha256:7c9896249fbef2c615853b890ee854f22c671560226c9221cfd27c995db97e5c"},
    {file = "greenlet-3.2.2-cp310-cp310-manylinux_2_17_s390x.manylinux2014_s390x.whl", hash = "sha256:7409796591d879425997a518138889d8d17e63ada7c99edc0d7a1c22007d4907"},
    {file = "greenlet-3.2.2-cp310-cp310-manylinux_2_17_x86_64.manylinux2014_x86_64.whl", hash = "sha256:7791dcb496ec53d60c7f1c78eaa156c21f402dda38542a00afc3e20cae0f480f"},
    {file = "greenlet-3.2.2-cp310-cp310-manylinux_2_24_x86_64.manylinux_2_28_x86_64.whl", hash = "sha256:d8009ae46259e31bc73dc183e402f548e980c96f33a6ef58cc2e7865db012e13"},
    {file = "greenlet-3.2.2-cp310-cp310-musllinux_1_1_aarch64.whl", hash = "sha256:fd9fb7c941280e2c837b603850efc93c999ae58aae2b40765ed682a6907ebbc5"},
    {file = "greenlet-3.2.2-cp310-cp310-musllinux_1_1_x86_64.whl", hash = "sha256:00cd814b8959b95a546e47e8d589610534cfb71f19802ea8a2ad99d95d702057"},
    {file = "greenlet-3.2.2-cp310-cp310-win_amd64.whl", hash = "sha256:d0cb7d47199001de7658c213419358aa8937df767936506db0db7ce1a71f4a2f"},
    {file = "greenlet-3.2.2-cp311-cp311-macosx_11_0_universal2.whl", hash = "sha256:dcb9cebbf3f62cb1e5afacae90761ccce0effb3adaa32339a0670fe7805d8068"},
    {file = "greenlet-3.2.2-cp311-cp311-manylinux_2_17_aarch64.manylinux2014_aarch64.whl", hash = "sha256:bf3fc9145141250907730886b031681dfcc0de1c158f3cc51c092223c0f381ce"},
    {file = "greenlet-3.2.2-cp311-cp311-manylinux_2_17_ppc64le.manylinux2014_ppc64le.whl", hash = "sha256:efcdfb9df109e8a3b475c016f60438fcd4be68cd13a365d42b35914cdab4bb2b"},
    {file = "greenlet-3.2.2-cp311-cp311-manylinux_2_17_s390x.manylinux2014_s390x.whl", hash = "sha256:4bd139e4943547ce3a56ef4b8b1b9479f9e40bb47e72cc906f0f66b9d0d5cab3"},
    {file = "greenlet-3.2.2-cp311-cp311-manylinux_2_17_x86_64.manylinux2014_x86_64.whl", hash = "sha256:71566302219b17ca354eb274dfd29b8da3c268e41b646f330e324e3967546a74"},
    {file = "greenlet-3.2.2-cp311-cp311-manylinux_2_24_x86_64.manylinux_2_28_x86_64.whl", hash = "sha256:3091bc45e6b0c73f225374fefa1536cd91b1e987377b12ef5b19129b07d93ebe"},
    {file = "greenlet-3.2.2-cp311-cp311-musllinux_1_1_aarch64.whl", hash = "sha256:44671c29da26539a5f142257eaba5110f71887c24d40df3ac87f1117df589e0e"},
    {file = "greenlet-3.2.2-cp311-cp311-musllinux_1_1_x86_64.whl", hash = "sha256:c23ea227847c9dbe0b3910f5c0dd95658b607137614eb821e6cbaecd60d81cc6"},
    {file = "greenlet-3.2.2-cp311-cp311-win_amd64.whl", hash = "sha256:0a16fb934fcabfdfacf21d79e6fed81809d8cd97bc1be9d9c89f0e4567143d7b"},
    {file = "greenlet-3.2.2-cp312-cp312-macosx_11_0_universal2.whl", hash = "sha256:df4d1509efd4977e6a844ac96d8be0b9e5aa5d5c77aa27ca9f4d3f92d3fcf330"},
    {file = "greenlet-3.2.2-cp312-cp312-manylinux_2_17_aarch64.manylinux2014_aarch64.whl", hash = "sha256:da956d534a6d1b9841f95ad0f18ace637668f680b1339ca4dcfb2c1837880a0b"},
    {file = "greenlet-3.2.2-cp312-cp312-manylinux_2_17_ppc64le.manylinux2014_ppc64le.whl", hash = "sha256:9c7b15fb9b88d9ee07e076f5a683027bc3befd5bb5d25954bb633c385d8b737e"},
    {file = "greenlet-3.2.2-cp312-cp312-manylinux_2_17_s390x.manylinux2014_s390x.whl", hash = "sha256:752f0e79785e11180ebd2e726c8a88109ded3e2301d40abced2543aa5d164275"},
    {file = "greenlet-3.2.2-cp312-cp312-manylinux_2_17_x86_64.manylinux2014_x86_64.whl", hash = "sha256:9ae572c996ae4b5e122331e12bbb971ea49c08cc7c232d1bd43150800a2d6c65"},
    {file = "greenlet-3.2.2-cp312-cp312-manylinux_2_24_x86_64.manylinux_2_28_x86_64.whl", hash = "sha256:02f5972ff02c9cf615357c17ab713737cccfd0eaf69b951084a9fd43f39833d3"},
    {file = "greenlet-3.2.2-cp312-cp312-musllinux_1_1_aarch64.whl", hash = "sha256:4fefc7aa68b34b9224490dfda2e70ccf2131368493add64b4ef2d372955c207e"},
    {file = "greenlet-3.2.2-cp312-cp312-musllinux_1_1_x86_64.whl", hash = "sha256:a31ead8411a027c2c4759113cf2bd473690517494f3d6e4bf67064589afcd3c5"},
    {file = "greenlet-3.2.2-cp312-cp312-win_amd64.whl", hash = "sha256:b24c7844c0a0afc3ccbeb0b807adeefb7eff2b5599229ecedddcfeb0ef333bec"},
    {file = "greenlet-3.2.2-cp313-cp313-macosx_11_0_universal2.whl", hash = "sha256:3ab7194ee290302ca15449f601036007873028712e92ca15fc76597a0aeb4c59"},
    {file = "greenlet-3.2.2-cp313-cp313-manylinux_2_17_aarch64.manylinux2014_aarch64.whl", hash = "sha256:2dc5c43bb65ec3669452af0ab10729e8fdc17f87a1f2ad7ec65d4aaaefabf6bf"},
    {file = "greenlet-3.2.2-cp313-cp313-manylinux_2_17_ppc64le.manylinux2014_ppc64le.whl", hash = "sha256:decb0658ec19e5c1f519faa9a160c0fc85a41a7e6654b3ce1b44b939f8bf1325"},
    {file = "greenlet-3.2.2-cp313-cp313-manylinux_2_17_s390x.manylinux2014_s390x.whl", hash = "sha256:6fadd183186db360b61cb34e81117a096bff91c072929cd1b529eb20dd46e6c5"},
    {file = "greenlet-3.2.2-cp313-cp313-manylinux_2_17_x86_64.manylinux2014_x86_64.whl", hash = "sha256:1919cbdc1c53ef739c94cf2985056bcc0838c1f217b57647cbf4578576c63825"},
    {file = "greenlet-3.2.2-cp313-cp313-manylinux_2_24_x86_64.manylinux_2_28_x86_64.whl", hash = "sha256:3885f85b61798f4192d544aac7b25a04ece5fe2704670b4ab73c2d2c14ab740d"},
    {file = "greenlet-3.2.2-cp313-cp313-musllinux_1_1_aarch64.whl", hash = "sha256:85f3e248507125bf4af607a26fd6cb8578776197bd4b66e35229cdf5acf1dfbf"},
    {file = "greenlet-3.2.2-cp313-cp313-musllinux_1_1_x86_64.whl", hash = "sha256:1e76106b6fc55fa3d6fe1c527f95ee65e324a13b62e243f77b48317346559708"},
    {file = "greenlet-3.2.2-cp313-cp313-win_amd64.whl", hash = "sha256:fe46d4f8e94e637634d54477b0cfabcf93c53f29eedcbdeecaf2af32029b4421"},
    {file = "greenlet-3.2.2-cp313-cp313t-manylinux_2_17_aarch64.manylinux2014_aarch64.whl", hash = "sha256:ba30e88607fb6990544d84caf3c706c4b48f629e18853fc6a646f82db9629418"},
    {file = "greenlet-3.2.2-cp313-cp313t-manylinux_2_17_ppc64le.manylinux2014_ppc64le.whl", hash = "sha256:055916fafad3e3388d27dd68517478933a97edc2fc54ae79d3bec827de2c64c4"},
    {file = "greenlet-3.2.2-cp313-cp313t-manylinux_2_17_s390x.manylinux2014_s390x.whl", hash = "sha256:2593283bf81ca37d27d110956b79e8723f9aa50c4bcdc29d3c0543d4743d2763"},
    {file = "greenlet-3.2.2-cp313-cp313t-manylinux_2_17_x86_64.manylinux2014_x86_64.whl", hash = "sha256:89c69e9a10670eb7a66b8cef6354c24671ba241f46152dd3eed447f79c29fb5b"},
    {file = "greenlet-3.2.2-cp313-cp313t-manylinux_2_24_x86_64.manylinux_2_28_x86_64.whl", hash = "sha256:02a98600899ca1ca5d3a2590974c9e3ec259503b2d6ba6527605fcd74e08e207"},
    {file = "greenlet-3.2.2-cp313-cp313t-musllinux_1_1_aarch64.whl", hash = "sha256:b50a8c5c162469c3209e5ec92ee4f95c8231b11db6a04db09bbe338176723bb8"},
    {file = "greenlet-3.2.2-cp313-cp313t-musllinux_1_1_x86_64.whl", hash = "sha256:45f9f4853fb4cc46783085261c9ec4706628f3b57de3e68bae03e8f8b3c0de51"},
    {file = "greenlet-3.2.2-cp314-cp314-macosx_11_0_universal2.whl", hash = "sha256:9ea5231428af34226c05f927e16fc7f6fa5e39e3ad3cd24ffa48ba53a47f4240"},
    {file = "greenlet-3.2.2-cp39-cp39-macosx_11_0_universal2.whl", hash = "sha256:1e4747712c4365ef6765708f948acc9c10350719ca0545e362c24ab973017370"},
    {file = "greenlet-3.2.2-cp39-cp39-manylinux_2_17_aarch64.manylinux2014_aarch64.whl", hash = "sha256:782743700ab75716650b5238a4759f840bb2dcf7bff56917e9ffdf9f1f23ec59"},
    {file = "greenlet-3.2.2-cp39-cp39-manylinux_2_17_ppc64le.manylinux2014_ppc64le.whl", hash = "sha256:354f67445f5bed6604e493a06a9a49ad65675d3d03477d38a4db4a427e9aad0e"},
    {file = "greenlet-3.2.2-cp39-cp39-manylinux_2_17_s390x.manylinux2014_s390x.whl", hash = "sha256:3aeca9848d08ce5eb653cf16e15bb25beeab36e53eb71cc32569f5f3afb2a3aa"},
    {file = "greenlet-3.2.2-cp39-cp39-manylinux_2_17_x86_64.manylinux2014_x86_64.whl", hash = "sha256:8cb8553ee954536500d88a1a2f58fcb867e45125e600e80f586ade399b3f8819"},
    {file = "greenlet-3.2.2-cp39-cp39-manylinux_2_24_x86_64.manylinux_2_28_x86_64.whl", hash = "sha256:1592a615b598643dbfd566bac8467f06c8c8ab6e56f069e573832ed1d5d528cc"},
    {file = "greenlet-3.2.2-cp39-cp39-musllinux_1_1_aarch64.whl", hash = "sha256:1f72667cc341c95184f1c68f957cb2d4fc31eef81646e8e59358a10ce6689457"},
    {file = "greenlet-3.2.2-cp39-cp39-musllinux_1_1_x86_64.whl", hash = "sha256:a8fa80665b1a29faf76800173ff5325095f3e66a78e62999929809907aca5659"},
    {file = "greenlet-3.2.2-cp39-cp39-win32.whl", hash = "sha256:6629311595e3fe7304039c67f00d145cd1d38cf723bb5b99cc987b23c1433d61"},
    {file = "greenlet-3.2.2-cp39-cp39-win_amd64.whl", hash = "sha256:eeb27bece45c0c2a5842ac4c5a1b5c2ceaefe5711078eed4e8043159fa05c834"},
    {file = "greenlet-3.2.2.tar.gz", hash = "sha256:ad053d34421a2debba45aa3cc39acf454acbcd025b3fc1a9f8a0dee237abd485"},
]

[package.extras]
docs = ["Sphinx", "furo"]
test = ["objgraph", "psutil"]

[[package]]
name = "h11"
version = "0.16.0"
description = "A pure-Python, bring-your-own-I/O implementation of HTTP/1.1"
optional = false
python-versions = ">=3.8"
groups = ["main"]
files = [
    {file = "h11-0.16.0-py3-none-any.whl", hash = "sha256:63cf8bbe7522de3bf65932fda1d9c2772064ffb3dae62d55932da54b31cb6c86"},
    {file = "h11-0.16.0.tar.gz", hash = "sha256:4e35b956cf45792e4caa5885e69fba00bdbc6ffafbfa020300e549b208ee5ff1"},
]

[[package]]
name = "idna"
version = "3.10"
description = "Internationalized Domain Names in Applications (IDNA)"
optional = false
python-versions = ">=3.6"
groups = ["main"]
files = [
    {file = "idna-3.10-py3-none-any.whl", hash = "sha256:946d195a0d259cbba61165e88e65941f16e9b36ea6ddb97f00452bae8b1287d3"},
    {file = "idna-3.10.tar.gz", hash = "sha256:12f65c9b470abda6dc35cf8e63cc574b1c52b11df2c86030af0ac09b01b13ea9"},
]

[package.extras]
all = ["flake8 (>=7.1.1)", "mypy (>=1.11.2)", "pytest (>=8.3.2)", "ruff (>=0.6.2)"]

[[package]]
name = "pip"
version = "25.1.1"
description = "The PyPA recommended tool for installing Python packages."
optional = false
python-versions = ">=3.9"
groups = ["main"]
files = [
    {file = "pip-25.1.1-py3-none-any.whl", hash = "sha256:2913a38a2abf4ea6b64ab507bd9e967f3b53dc1ede74b01b0931e1ce548751af"},
    {file = "pip-25.1.1.tar.gz", hash = "sha256:3de45d411d308d5054c2168185d8da7f9a2cd753dbac8acbfa88a8909ecd9077"},
]

[[package]]
name = "pydantic"
version = "1.10.22"
description = "Data validation and settings management using python type hints"
optional = false
python-versions = ">=3.7"
groups = ["main"]
files = [
    {file = "pydantic-1.10.22-cp310-cp310-macosx_10_9_x86_64.whl", hash = "sha256:57889565ccc1e5b7b73343329bbe6198ebc472e3ee874af2fa1865cfe7048228"},
    {file = "pydantic-1.10.22-cp310-cp310-macosx_11_0_arm64.whl", hash = "sha256:90729e22426de79bc6a3526b4c45ec4400caf0d4f10d7181ba7f12c01bb3897d"},
    {file = "pydantic-1.10.22-cp310-cp310-manylinux_2_17_x86_64.manylinux2014_x86_64.whl", hash = "sha256:8f8684d347f351554ec94fdcb507983d3116dc4577fb8799fed63c65869a2d10"},
    {file = "pydantic-1.10.22-cp310-cp310-manylinux_2_5_i686.manylinux1_i686.manylinux_2_17_i686.manylinux2014_i686.whl", hash = "sha256:c8dad498ceff2d9ef1d2e2bc6608f5b59b8e1ba2031759b22dfb8c16608e1802"},
    {file = "pydantic-1.10.22-cp310-cp310-musllinux_1_2_i686.whl", hash = "sha256:fac529cc654d4575cf8de191cce354b12ba705f528a0a5c654de6d01f76cd818"},
    {file = "pydantic-1.10.22-cp310-cp310-musllinux_1_2_x86_64.whl", hash = "sha256:4148232aded8dd1dd13cf910a01b32a763c34bd79a0ab4d1ee66164fcb0b7b9d"},
    {file = "pydantic-1.10.22-cp310-cp310-win_amd64.whl", hash = "sha256:ece68105d9e436db45d8650dc375c760cc85a6793ae019c08769052902dca7db"},
    {file = "pydantic-1.10.22-cp311-cp311-macosx_10_9_x86_64.whl", hash = "sha256:8e530a8da353f791ad89e701c35787418605d35085f4bdda51b416946070e938"},
    {file = "pydantic-1.10.22-cp311-cp311-macosx_11_0_arm64.whl", hash = "sha256:654322b85642e9439d7de4c83cb4084ddd513df7ff8706005dada43b34544946"},
    {file = "pydantic-1.10.22-cp311-cp311-manylinux_2_17_x86_64.manylinux2014_x86_64.whl", hash = "sha256:a8bece75bd1b9fc1c32b57a32831517943b1159ba18b4ba32c0d431d76a120ae"},
    {file = "pydantic-1.10.22-cp311-cp311-manylinux_2_5_i686.manylinux1_i686.manylinux_2_17_i686.manylinux2014_i686.whl", hash = "sha256:eccb58767f13c6963dcf96d02cb8723ebb98b16692030803ac075d2439c07b0f"},
    {file = "pydantic-1.10.22-cp311-cp311-musllinux_1_2_i686.whl", hash = "sha256:7778e6200ff8ed5f7052c1516617423d22517ad36cc7a3aedd51428168e3e5e8"},
    {file = "pydantic-1.10.22-cp311-cp311-musllinux_1_2_x86_64.whl", hash = "sha256:bffe02767d27c39af9ca7dc7cd479c00dda6346bb62ffc89e306f665108317a2"},
    {file = "pydantic-1.10.22-cp311-cp311-win_amd64.whl", hash = "sha256:23bc19c55427091b8e589bc08f635ab90005f2dc99518f1233386f46462c550a"},
    {file = "pydantic-1.10.22-cp312-cp312-macosx_10_13_x86_64.whl", hash = "sha256:92d0f97828a075a71d9efc65cf75db5f149b4d79a38c89648a63d2932894d8c9"},
    {file = "pydantic-1.10.22-cp312-cp312-macosx_11_0_arm64.whl", hash = "sha256:6af5a2811b6b95b58b829aeac5996d465a5f0c7ed84bd871d603cf8646edf6ff"},
    {file = "pydantic-1.10.22-cp312-cp312-manylinux_2_17_x86_64.manylinux2014_x86_64.whl", hash = "sha256:6cf06d8d40993e79af0ab2102ef5da77b9ddba51248e4cb27f9f3f591fbb096e"},
    {file = "pydantic-1.10.22-cp312-cp312-manylinux_2_5_i686.manylinux1_i686.manylinux_2_17_i686.manylinux2014_i686.whl", hash = "sha256:184b7865b171a6057ad97f4a17fbac81cec29bd103e996e7add3d16b0d95f609"},
    {file = "pydantic-1.10.22-cp312-cp312-musllinux_1_2_i686.whl", hash = "sha256:923ad861677ab09d89be35d36111156063a7ebb44322cdb7b49266e1adaba4bb"},
    {file = "pydantic-1.10.22-cp312-cp312-musllinux_1_2_x86_64.whl", hash = "sha256:82d9a3da1686443fb854c8d2ab9a473251f8f4cdd11b125522efb4d7c646e7bc"},
    {file = "pydantic-1.10.22-cp312-cp312-win_amd64.whl", hash = "sha256:1612604929af4c602694a7f3338b18039d402eb5ddfbf0db44f1ebfaf07f93e7"},
    {file = "pydantic-1.10.22-cp313-cp313-macosx_10_13_x86_64.whl", hash = "sha256:b259dc89c9abcd24bf42f31951fb46c62e904ccf4316393f317abeeecda39978"},
    {file = "pydantic-1.10.22-cp313-cp313-macosx_11_0_arm64.whl", hash = "sha256:9238aa0964d80c0908d2f385e981add58faead4412ca80ef0fa352094c24e46d"},
    {file = "pydantic-1.10.22-cp313-cp313-manylinux_2_17_x86_64.manylinux2014_x86_64.whl", hash = "sha256:6f8029f05b04080e3f1a550575a1bca747c0ea4be48e2d551473d47fd768fc1b"},
    {file = "pydantic-1.10.22-cp313-cp313-manylinux_2_5_i686.manylinux1_i686.manylinux_2_17_i686.manylinux2014_i686.whl", hash = "sha256:5c06918894f119e0431a36c9393bc7cceeb34d1feeb66670ef9b9ca48c073937"},
    {file = "pydantic-1.10.22-cp313-cp313-musllinux_1_2_i686.whl", hash = "sha256:e205311649622ee8fc1ec9089bd2076823797f5cd2c1e3182dc0e12aab835b35"},
    {file = "pydantic-1.10.22-cp313-cp313-musllinux_1_2_x86_64.whl", hash = "sha256:815f0a73d5688d6dd0796a7edb9eca7071bfef961a7b33f91e618822ae7345b7"},
    {file = "pydantic-1.10.22-cp313-cp313-win_amd64.whl", hash = "sha256:9dfce71d42a5cde10e78a469e3d986f656afc245ab1b97c7106036f088dd91f8"},
    {file = "pydantic-1.10.22-cp37-cp37m-macosx_10_9_x86_64.whl", hash = "sha256:3ecaf8177b06aac5d1f442db1288e3b46d9f05f34fd17fdca3ad34105328b61a"},
    {file = "pydantic-1.10.22-cp37-cp37m-manylinux_2_17_x86_64.manylinux2014_x86_64.whl", hash = "sha256:fb36c2de9ea74bd7f66b5481dea8032d399affd1cbfbb9bb7ce539437f1fce62"},
    {file = "pydantic-1.10.22-cp37-cp37m-manylinux_2_5_i686.manylinux1_i686.manylinux_2_17_i686.manylinux2014_i686.whl", hash = "sha256:e6b8d14a256be3b8fff9286d76c532f1a7573fbba5f189305b22471c6679854d"},
    {file = "pydantic-1.10.22-cp37-cp37m-musllinux_1_2_i686.whl", hash = "sha256:1c33269e815db4324e71577174c29c7aa30d1bba51340ce6be976f6f3053a4c6"},
    {file = "pydantic-1.10.22-cp37-cp37m-musllinux_1_2_x86_64.whl", hash = "sha256:8661b3ab2735b2a9ccca2634738534a795f4a10bae3ab28ec0a10c96baa20182"},
    {file = "pydantic-1.10.22-cp37-cp37m-win_amd64.whl", hash = "sha256:22bdd5fe70d4549995981c55b970f59de5c502d5656b2abdfcd0a25be6f3763e"},
    {file = "pydantic-1.10.22-cp38-cp38-macosx_10_9_x86_64.whl", hash = "sha256:e3f33d1358aa4bc2795208cc29ff3118aeaad0ea36f0946788cf7cadeccc166b"},
    {file = "pydantic-1.10.22-cp38-cp38-macosx_11_0_arm64.whl", hash = "sha256:813f079f9cd136cac621f3f9128a4406eb8abd2ad9fdf916a0731d91c6590017"},
    {file = "pydantic-1.10.22-cp38-cp38-manylinux_2_17_x86_64.manylinux2014_x86_64.whl", hash = "sha256:ab618ab8dca6eac7f0755db25f6aba3c22c40e3463f85a1c08dc93092d917704"},
    {file = "pydantic-1.10.22-cp38-cp38-manylinux_2_5_i686.manylinux1_i686.manylinux_2_17_i686.manylinux2014_i686.whl", hash = "sha256:d128e1aaa38db88caca920d5822c98fc06516a09a58b6d3d60fa5ea9099b32cc"},
    {file = "pydantic-1.10.22-cp38-cp38-musllinux_1_2_i686.whl", hash = "sha256:cc97bbc25def7025e55fc9016080773167cda2aad7294e06a37dda04c7d69ece"},
    {file = "pydantic-1.10.22-cp38-cp38-musllinux_1_2_x86_64.whl", hash = "sha256:0dda5d7157d543b1fa565038cae6e952549d0f90071c839b3740fb77c820fab8"},
    {file = "pydantic-1.10.22-cp38-cp38-win_amd64.whl", hash = "sha256:a093fe44fe518cb445d23119511a71f756f8503139d02fcdd1173f7b76c95ffe"},
    {file = "pydantic-1.10.22-cp39-cp39-macosx_10_9_x86_64.whl", hash = "sha256:ec54c89b2568b258bb30d7348ac4d82bec1b58b377fb56a00441e2ac66b24587"},
    {file = "pydantic-1.10.22-cp39-cp39-macosx_11_0_arm64.whl", hash = "sha256:d8f1d1a1532e4f3bcab4e34e8d2197a7def4b67072acd26cfa60e92d75803a48"},
    {file = "pydantic-1.10.22-cp39-cp39-manylinux_2_17_x86_64.manylinux2014_x86_64.whl", hash = "sha256:8ad83ca35508c27eae1005b6b61f369f78aae6d27ead2135ec156a2599910121"},
    {file = "pydantic-1.10.22-cp39-cp39-manylinux_2_5_i686.manylinux1_i686.manylinux_2_17_i686.manylinux2014_i686.whl", hash = "sha256:53cdb44b78c420f570ff16b071ea8cd5a477635c6b0efc343c8a91e3029bbf1a"},
    {file = "pydantic-1.10.22-cp39-cp39-musllinux_1_2_i686.whl", hash = "sha256:16d0a5ae9d98264186ce31acdd7686ec05fd331fab9d68ed777d5cb2d1514e5e"},
    {file = "pydantic-1.10.22-cp39-cp39-musllinux_1_2_x86_64.whl", hash = "sha256:8aee040e25843f036192b1a1af62117504a209a043aa8db12e190bb86ad7e611"},
    {file = "pydantic-1.10.22-cp39-cp39-win_amd64.whl", hash = "sha256:7f691eec68dbbfca497d3c11b92a3e5987393174cbedf03ec7a4184c35c2def6"},
    {file = "pydantic-1.10.22-py3-none-any.whl", hash = "sha256:343037d608bcbd34df937ac259708bfc83664dadf88afe8516c4f282d7d471a9"},
    {file = "pydantic-1.10.22.tar.gz", hash = "sha256:ee1006cebd43a8e7158fb7190bb8f4e2da9649719bff65d0c287282ec38dec6d"},
]

[package.dependencies]
typing-extensions = ">=4.2.0"

[package.extras]
dotenv = ["python-dotenv (>=0.10.4)"]
email = ["email-validator (>=1.0.3)"]

[[package]]
name = "sentry-sdk"
version = "1.17.0"
description = "Python client for Sentry (https://sentry.io)"
optional = false
python-versions = "*"
groups = ["main"]
files = [
    {file = "sentry-sdk-1.17.0.tar.gz", hash = "sha256:ad40860325c94d1a656da70fba5a7c4dbb2f6809d3cc2d00f74ca0b608330f14"},
    {file = "sentry_sdk-1.17.0-py2.py3-none-any.whl", hash = "sha256:3c4e898f7a3edf5a2042cd0dcab6ee124e2112189228c272c08ad15d3850c201"},
]

[package.dependencies]
certifi = "*"
urllib3 = {version = ">=1.26.11", markers = "python_version >= \"3.6\""}

[package.extras]
aiohttp = ["aiohttp (>=3.5)"]
arq = ["arq (>=0.23)"]
beam = ["apache-beam (>=2.12)"]
bottle = ["bottle (>=0.12.13)"]
celery = ["celery (>=3)"]
chalice = ["chalice (>=1.16.0)"]
django = ["django (>=1.8)"]
falcon = ["falcon (>=1.4)"]
fastapi = ["fastapi (>=0.79.0)"]
flask = ["blinker (>=1.1)", "flask (>=0.11)"]
httpx = ["httpx (>=0.16.0)"]
huey = ["huey (>=2)"]
opentelemetry = ["opentelemetry-distro (>=0.35b0)"]
pure-eval = ["asttokens", "executing", "pure-eval"]
pymongo = ["pymongo (>=3.1)"]
pyspark = ["pyspark (>=2.4.4)"]
quart = ["blinker (>=1.1)", "quart (>=0.16.1)"]
rq = ["rq (>=0.6)"]
sanic = ["sanic (>=0.8)"]
sqlalchemy = ["sqlalchemy (>=1.2)"]
starlette = ["starlette (>=0.19.1)"]
starlite = ["starlite (>=1.48)"]
tornado = ["tornado (>=5)"]

[[package]]
name = "sniffio"
version = "1.3.1"
description = "Sniff out which async library your code is running under"
optional = false
python-versions = ">=3.7"
groups = ["main"]
files = [
    {file = "sniffio-1.3.1-py3-none-any.whl", hash = "sha256:2f6da418d1f1e0fddd844478f41680e794e6051915791a034ff65e5f100525a2"},
    {file = "sniffio-1.3.1.tar.gz", hash = "sha256:f4324edc670a0f49750a81b895f35c3adb843cca46f0530f79fc1babb23789dc"},
]

[[package]]
name = "sqlalchemy"
version = "1.4.54"
description = "Database Abstraction Library"
optional = false
python-versions = "!=3.0.*,!=3.1.*,!=3.2.*,!=3.3.*,!=3.4.*,!=3.5.*,>=2.7"
groups = ["main"]
files = [
    {file = "SQLAlchemy-1.4.54-cp310-cp310-macosx_12_0_x86_64.whl", hash = "sha256:af00236fe21c4d4f4c227b6ccc19b44c594160cc3ff28d104cdce85855369277"},
    {file = "SQLAlchemy-1.4.54-cp310-cp310-manylinux1_x86_64.manylinux2010_x86_64.manylinux_2_12_x86_64.manylinux_2_5_x86_64.manylinux_2_17_x86_64.manylinux2014_x86_64.whl", hash = "sha256:1183599e25fa38a1a322294b949da02b4f0da13dbc2688ef9dbe746df573f8a6"},
    {file = "SQLAlchemy-1.4.54-cp310-cp310-manylinux_2_17_aarch64.manylinux2014_aarch64.whl", hash = "sha256:1990d5a6a5dc358a0894c8ca02043fb9a5ad9538422001fb2826e91c50f1d539"},
    {file = "SQLAlchemy-1.4.54-cp310-cp310-manylinux_2_5_x86_64.manylinux1_x86_64.manylinux_2_12_x86_64.manylinux2010_x86_64.whl", hash = "sha256:14b3f4783275339170984cadda66e3ec011cce87b405968dc8d51cf0f9997b0d"},
    {file = "SQLAlchemy-1.4.54-cp310-cp310-manylinux_2_5_x86_64.manylinux1_x86_64.manylinux_2_17_x86_64.manylinux2014_x86_64.whl", hash = "sha256:6b24364150738ce488333b3fb48bfa14c189a66de41cd632796fbcacb26b4585"},
    {file = "SQLAlchemy-1.4.54-cp310-cp310-win32.whl", hash = "sha256:a8a72259a1652f192c68377be7011eac3c463e9892ef2948828c7d58e4829988"},
    {file = "SQLAlchemy-1.4.54-cp310-cp310-win_amd64.whl", hash = "sha256:b67589f7955924865344e6eacfdcf70675e64f36800a576aa5e961f0008cde2a"},
    {file = "SQLAlchemy-1.4.54-cp311-cp311-macosx_10_9_universal2.whl", hash = "sha256:b05e0626ec1c391432eabb47a8abd3bf199fb74bfde7cc44a26d2b1b352c2c6e"},
    {file = "SQLAlchemy-1.4.54-cp311-cp311-manylinux_2_17_aarch64.manylinux2014_aarch64.whl", hash = "sha256:13e91d6892b5fcb94a36ba061fb7a1f03d0185ed9d8a77c84ba389e5bb05e936"},
    {file = "SQLAlchemy-1.4.54-cp311-cp311-manylinux_2_5_x86_64.manylinux1_x86_64.manylinux_2_17_x86_64.manylinux2014_x86_64.whl", hash = "sha256:fb59a11689ff3c58e7652260127f9e34f7f45478a2f3ef831ab6db7bcd72108f"},
    {file = "SQLAlchemy-1.4.54-cp311-cp311-win32.whl", hash = "sha256:1390ca2d301a2708fd4425c6d75528d22f26b8f5cbc9faba1ddca136671432bc"},
    {file = "SQLAlchemy-1.4.54-cp311-cp311-win_amd64.whl", hash = "sha256:2b37931eac4b837c45e2522066bda221ac6d80e78922fb77c75eb12e4dbcdee5"},
    {file = "SQLAlchemy-1.4.54-cp312-cp312-macosx_10_9_universal2.whl", hash = "sha256:3f01c2629a7d6b30d8afe0326b8c649b74825a0e1ebdcb01e8ffd1c920deb07d"},
    {file = "SQLAlchemy-1.4.54-cp312-cp312-manylinux_2_17_aarch64.manylinux2014_aarch64.whl", hash = "sha256:9c24dd161c06992ed16c5e528a75878edbaeced5660c3db88c820f1f0d3fe1f4"},
    {file = "SQLAlchemy-1.4.54-cp312-cp312-manylinux_2_5_x86_64.manylinux1_x86_64.manylinux_2_17_x86_64.manylinux2014_x86_64.whl", hash = "sha256:b5e0d47d619c739bdc636bbe007da4519fc953393304a5943e0b5aec96c9877c"},
    {file = "SQLAlchemy-1.4.54-cp312-cp312-win32.whl", hash = "sha256:12bc0141b245918b80d9d17eca94663dbd3f5266ac77a0be60750f36102bbb0f"},
    {file = "SQLAlchemy-1.4.54-cp312-cp312-win_amd64.whl", hash = "sha256:f941aaf15f47f316123e1933f9ea91a6efda73a161a6ab6046d1cde37be62c88"},
    {file = "SQLAlchemy-1.4.54-cp36-cp36m-macosx_10_14_x86_64.whl", hash = "sha256:a41611835010ed4ea4c7aed1da5b58aac78ee7e70932a91ed2705a7b38e40f52"},
    {file = "SQLAlchemy-1.4.54-cp36-cp36m-manylinux1_x86_64.manylinux2010_x86_64.manylinux_2_12_x86_64.manylinux_2_5_x86_64.manylinux_2_17_x86_64.manylinux2014_x86_64.whl", hash = "sha256:1e8c1b9ecaf9f2590337d5622189aeb2f0dbc54ba0232fa0856cf390957584a9"},
    {file = "SQLAlchemy-1.4.54-cp36-cp36m-manylinux_2_17_aarch64.manylinux2014_aarch64.whl", hash = "sha256:0de620f978ca273ce027769dc8db7e6ee72631796187adc8471b3c76091b809e"},
    {file = "SQLAlchemy-1.4.54-cp36-cp36m-manylinux_2_5_x86_64.manylinux1_x86_64.manylinux_2_12_x86_64.manylinux2010_x86_64.whl", hash = "sha256:c5a2530400a6e7e68fd1552a55515de6a4559122e495f73554a51cedafc11669"},
    {file = "SQLAlchemy-1.4.54-cp36-cp36m-manylinux_2_5_x86_64.manylinux1_x86_64.manylinux_2_17_x86_64.manylinux2014_x86_64.whl", hash = "sha256:d0cf7076c8578b3de4e43a046cc7a1af8466e1c3f5e64167189fe8958a4f9c02"},
    {file = "SQLAlchemy-1.4.54-cp37-cp37m-macosx_11_0_x86_64.whl", hash = "sha256:f1e1b92ee4ee9ffc68624ace218b89ca5ca667607ccee4541a90cc44999b9aea"},
    {file = "SQLAlchemy-1.4.54-cp37-cp37m-manylinux1_x86_64.manylinux2010_x86_64.manylinux_2_12_x86_64.manylinux_2_5_x86_64.manylinux_2_17_x86_64.manylinux2014_x86_64.whl", hash = "sha256:41cffc63c7c83dfc30c4cab5b4308ba74440a9633c4509c51a0c52431fb0f8ab"},
    {file = "SQLAlchemy-1.4.54-cp37-cp37m-manylinux_2_17_aarch64.manylinux2014_aarch64.whl", hash = "sha256:b5933c45d11cbd9694b1540aa9076816cc7406964c7b16a380fd84d3a5fe3241"},
    {file = "SQLAlchemy-1.4.54-cp37-cp37m-manylinux_2_5_x86_64.manylinux1_x86_64.manylinux_2_12_x86_64.manylinux2010_x86_64.whl", hash = "sha256:cafe0ba3a96d0845121433cffa2b9232844a2609fce694fcc02f3f31214ece28"},
    {file = "SQLAlchemy-1.4.54-cp37-cp37m-manylinux_2_5_x86_64.manylinux1_x86_64.manylinux_2_17_x86_64.manylinux2014_x86_64.whl", hash = "sha256:a19f816f4702d7b1951d7576026c7124b9bfb64a9543e571774cf517b7a50b29"},
    {file = "SQLAlchemy-1.4.54-cp37-cp37m-win32.whl", hash = "sha256:76c2ba7b5a09863d0a8166fbc753af96d561818c572dbaf697c52095938e7be4"},
    {file = "SQLAlchemy-1.4.54-cp37-cp37m-win_amd64.whl", hash = "sha256:a86b0e4be775902a5496af4fb1b60d8a2a457d78f531458d294360b8637bb014"},
    {file = "SQLAlchemy-1.4.54-cp38-cp38-macosx_12_0_x86_64.whl", hash = "sha256:a49730afb716f3f675755afec109895cab95bc9875db7ffe2e42c1b1c6279482"},
    {file = "SQLAlchemy-1.4.54-cp38-cp38-manylinux1_x86_64.manylinux2010_x86_64.manylinux_2_12_x86_64.manylinux_2_5_x86_64.manylinux_2_17_x86_64.manylinux2014_x86_64.whl", hash = "sha256:26e78444bc77d089e62874dc74df05a5c71f01ac598010a327881a48408d0064"},
    {file = "SQLAlchemy-1.4.54-cp38-cp38-manylinux_2_17_aarch64.manylinux2014_aarch64.whl", hash = "sha256:02d2ecb9508f16ab9c5af466dfe5a88e26adf2e1a8d1c56eb616396ccae2c186"},
    {file = "SQLAlchemy-1.4.54-cp38-cp38-manylinux_2_5_x86_64.manylinux1_x86_64.manylinux_2_12_x86_64.manylinux2010_x86_64.whl", hash = "sha256:394b0135900b62dbf63e4809cdc8ac923182af2816d06ea61cd6763943c2cc05"},
    {file = "SQLAlchemy-1.4.54-cp38-cp38-manylinux_2_5_x86_64.manylinux1_x86_64.manylinux_2_17_x86_64.manylinux2014_x86_64.whl", hash = "sha256:5ed3576675c187e3baa80b02c4c9d0edfab78eff4e89dd9da736b921333a2432"},
    {file = "SQLAlchemy-1.4.54-cp38-cp38-win32.whl", hash = "sha256:fc9ffd9a38e21fad3e8c5a88926d57f94a32546e937e0be46142b2702003eba7"},
    {file = "SQLAlchemy-1.4.54-cp38-cp38-win_amd64.whl", hash = "sha256:a01bc25eb7a5688656c8770f931d5cb4a44c7de1b3cec69b84cc9745d1e4cc10"},
    {file = "SQLAlchemy-1.4.54-cp39-cp39-macosx_12_0_x86_64.whl", hash = "sha256:0b76bbb1cbae618d10679be8966f6d66c94f301cfc15cb49e2f2382563fb6efb"},
    {file = "SQLAlchemy-1.4.54-cp39-cp39-manylinux1_x86_64.manylinux2010_x86_64.manylinux_2_12_x86_64.manylinux_2_5_x86_64.manylinux_2_17_x86_64.manylinux2014_x86_64.whl", hash = "sha256:cdb2886c0be2c6c54d0651d5a61c29ef347e8eec81fd83afebbf7b59b80b7393"},
    {file = "SQLAlchemy-1.4.54-cp39-cp39-manylinux_2_17_aarch64.manylinux2014_aarch64.whl", hash = "sha256:954816850777ac234a4e32b8c88ac1f7847088a6e90cfb8f0e127a1bf3feddff"},
    {file = "SQLAlchemy-1.4.54-cp39-cp39-manylinux_2_5_x86_64.manylinux1_x86_64.manylinux_2_12_x86_64.manylinux2010_x86_64.whl", hash = "sha256:1d83cd1cc03c22d922ec94d0d5f7b7c96b1332f5e122e81b1a61fb22da77879a"},
    {file = "SQLAlchemy-1.4.54-cp39-cp39-manylinux_2_5_x86_64.manylinux1_x86_64.manylinux_2_17_x86_64.manylinux2014_x86_64.whl", hash = "sha256:1576fba3616f79496e2f067262200dbf4aab1bb727cd7e4e006076686413c80c"},
    {file = "SQLAlchemy-1.4.54-cp39-cp39-win32.whl", hash = "sha256:3112de9e11ff1957148c6de1df2bc5cc1440ee36783412e5eedc6f53638a577d"},
    {file = "SQLAlchemy-1.4.54-cp39-cp39-win_amd64.whl", hash = "sha256:6da60fb24577f989535b8fc8b2ddc4212204aaf02e53c4c7ac94ac364150ed08"},
    {file = "sqlalchemy-1.4.54.tar.gz", hash = "sha256:4470fbed088c35dc20b78a39aaf4ae54fe81790c783b3264872a0224f437c31a"},
]

[package.dependencies]
greenlet = {version = "!=0.4.17", markers = "python_version >= \"3\" and (platform_machine == \"aarch64\" or platform_machine == \"ppc64le\" or platform_machine == \"x86_64\" or platform_machine == \"amd64\" or platform_machine == \"AMD64\" or platform_machine == \"win32\" or platform_machine == \"WIN32\")"}

[package.extras]
aiomysql = ["aiomysql (>=0.2.0) ; python_version >= \"3\"", "greenlet (!=0.4.17) ; python_version >= \"3\""]
aiosqlite = ["aiosqlite ; python_version >= \"3\"", "greenlet (!=0.4.17) ; python_version >= \"3\"", "typing_extensions (!=3.10.0.1)"]
asyncio = ["greenlet (!=0.4.17) ; python_version >= \"3\""]
asyncmy = ["asyncmy (>=0.2.3,!=0.2.4) ; python_version >= \"3\"", "greenlet (!=0.4.17) ; python_version >= \"3\""]
mariadb-connector = ["mariadb (>=1.0.1,!=1.1.2) ; python_version >= \"3\"", "mariadb (>=1.0.1,!=1.1.2) ; python_version >= \"3\""]
mssql = ["pyodbc"]
mssql-pymssql = ["pymssql", "pymssql"]
mssql-pyodbc = ["pyodbc", "pyodbc"]
mypy = ["mypy (>=0.910) ; python_version >= \"3\"", "sqlalchemy2-stubs"]
mysql = ["mysqlclient (>=1.4.0) ; python_version >= \"3\"", "mysqlclient (>=1.4.0,<2) ; python_version < \"3\""]
mysql-connector = ["mysql-connector-python", "mysql-connector-python"]
oracle = ["cx_oracle (>=7) ; python_version >= \"3\"", "cx_oracle (>=7,<8) ; python_version < \"3\""]
postgresql = ["psycopg2 (>=2.7)"]
postgresql-asyncpg = ["asyncpg ; python_version >= \"3\"", "asyncpg ; python_version >= \"3\"", "greenlet (!=0.4.17) ; python_version >= \"3\"", "greenlet (!=0.4.17) ; python_version >= \"3\""]
postgresql-pg8000 = ["pg8000 (>=1.16.6,!=1.29.0) ; python_version >= \"3\"", "pg8000 (>=1.16.6,!=1.29.0) ; python_version >= \"3\""]
postgresql-psycopg2binary = ["psycopg2-binary"]
postgresql-psycopg2cffi = ["psycopg2cffi"]
pymysql = ["pymysql (<1) ; python_version < \"3\"", "pymysql ; python_version >= \"3\""]
sqlcipher = ["sqlcipher3_binary ; python_version >= \"3\""]

[[package]]
name = "starlette"
version = "0.27.0"
description = "The little ASGI library that shines."
optional = false
python-versions = ">=3.7"
groups = ["main"]
files = [
    {file = "starlette-0.27.0-py3-none-any.whl", hash = "sha256:918416370e846586541235ccd38a474c08b80443ed31c578a418e2209b3eef91"},
    {file = "starlette-0.27.0.tar.gz", hash = "sha256:6a6b0d042acb8d469a01eba54e9cda6cbd24ac602c4cd016723117d6a7e73b75"},
]

[package.dependencies]
anyio = ">=3.4.0,<5"

[package.extras]
full = ["httpx (>=0.22.0)", "itsdangerous", "jinja2", "python-multipart", "pyyaml"]

[[package]]
name = "typing-extensions"
version = "4.13.2"
description = "Backported and Experimental Type Hints for Python 3.8+"
optional = false
python-versions = ">=3.8"
groups = ["main"]
files = [
    {file = "typing_extensions-4.13.2-py3-none-any.whl", hash = "sha256:a439e7c04b49fec3e5d3e2beaa21755cadbbdc391694e28ccdd36ca4a1408f8c"},
    {file = "typing_extensions-4.13.2.tar.gz", hash = "sha256:e6c81219bd689f51865d9e372991c540bda33a0379d5573cddb9a3a23f7caaef"},
]

[[package]]
name = "urllib3"
version = "2.4.0"
description = "HTTP library with thread-safe connection pooling, file post, and more."
optional = false
python-versions = ">=3.9"
groups = ["main"]
files = [
    {file = "urllib3-2.4.0-py3-none-any.whl", hash = "sha256:4e16665048960a0900c702d4a66415956a584919c03361cac9f1df5c5dd7e813"},
    {file = "urllib3-2.4.0.tar.gz", hash = "sha256:414bc6535b787febd7567804cc015fee39daab8ad86268f1310a9250697de466"},
]

[package.extras]
brotli = ["brotli (>=1.0.9) ; platform_python_implementation == \"CPython\"", "brotlicffi (>=0.8.0) ; platform_python_implementation != \"CPython\""]
h2 = ["h2 (>=4,<5)"]
socks = ["pysocks (>=1.5.6,!=1.5.7,<2.0)"]
zstd = ["zstandard (>=0.18.0)"]

[[package]]
name = "uvicorn"
version = "0.34.2"
description = "The lightning-fast ASGI server."
optional = false
python-versions = ">=3.9"
groups = ["main"]
files = [
    {file = "uvicorn-0.34.2-py3-none-any.whl", hash = "sha256:deb49af569084536d269fe0a6d67e3754f104cf03aba7c11c40f01aadf33c403"},
    {file = "uvicorn-0.34.2.tar.gz", hash = "sha256:0e929828f6186353a80b58ea719861d2629d766293b6d19baf086ba31d4f3328"},
]

[package.dependencies]
click = ">=7.0"
h11 = ">=0.8"

[package.extras]
standard = ["colorama (>=0.4) ; sys_platform == \"win32\"", "httptools (>=0.6.3)", "python-dotenv (>=0.13)", "pyyaml (>=5.1)", "uvloop (>=0.14.0,!=0.15.0,!=0.15.1) ; sys_platform != \"win32\" and sys_platform != \"cygwin\" and platform_python_implementation != \"PyPy\"", "watchfiles (>=0.13)", "websockets (>=10.4)"]

[metadata]
lock-version = "2.1"
python-versions = "^3.11"
content-hash = "cf256994d4fc6005c1df2fa7bb4954216ecafae6461be402a2cd03783516182d"
